
Microsoft Visual Studio Solution File, Format Version 12.00
# Visual Studio 15
VisualStudioVersion = 15.0.27703.2042
MinimumVisualStudioVersion = 10.0.40219.1
Project("{FAE04EC0-301F-11D3-BF4B-00C04F79EFBC}") = "Bank_System", "Bank_System\Bank_System.csproj", "{A75EAF31-CBA9-4904-ABA7-2BECF11A42BD}"
EndProject
Global
	GlobalSection(SolutionConfigurationPlatforms) = preSolution
		Debug|Any CPU = Debug|Any CPU
		Release|Any CPU = Release|Any CPU
	EndGlobalSection
	GlobalSection(ProjectConfigurationPlatforms) = postSolution
		{A75EAF31-CBA9-4904-ABA7-2BECF11A42BD}.Debug|Any CPU.ActiveCfg = Debug|Any CPU
		{A75EAF31-CBA9-4904-ABA7-2BECF11A42BD}.Debug|Any CPU.Build.0 = Debug|Any CPU
		{A75EAF31-CBA9-4904-ABA7-2BECF11A42BD}.Release|Any CPU.ActiveCfg = Release|Any CPU
		{A75EAF31-CBA9-4904-ABA7-2BECF11A42BD}.Release|Any CPU.Build.0 = Release|Any CPU
	EndGlobalSection
	GlobalSection(SolutionProperties) = preSolution
		HideSolutionNode = FALSE
	EndGlobalSection
	GlobalSection(ExtensibilityGlobals) = postSolution
		SolutionGuid = {114199B3-E926-4975-9FE1-9DBC84735A23}
	EndGlobalSection
EndGlobal
