
Microsoft Visual Studio Solution File, Format Version 12.00
# Visual Studio 15
VisualStudioVersion = 15.0.27703.2042
MinimumVisualStudioVersion = 10.0.40219.1
Project("{FAE04EC0-301F-11D3-BF4B-00C04F79EFBC}") = "Lab_1_1", "Lab_1_1\Lab_1_1.csproj", "{56697D0E-9D5E-40AE-A347-3056FB5C4474}"
EndProject
Global
	GlobalSection(SolutionConfigurationPlatforms) = preSolution
		Debug|Any CPU = Debug|Any CPU
		Release|Any CPU = Release|Any CPU
	EndGlobalSection
	GlobalSection(ProjectConfigurationPlatforms) = postSolution
		{56697D0E-9D5E-40AE-A347-3056FB5C4474}.Debug|Any CPU.ActiveCfg = Debug|Any CPU
		{56697D0E-9D5E-40AE-A347-3056FB5C4474}.Debug|Any CPU.Build.0 = Debug|Any CPU
		{56697D0E-9D5E-40AE-A347-3056FB5C4474}.Release|Any CPU.ActiveCfg = Release|Any CPU
		{56697D0E-9D5E-40AE-A347-3056FB5C4474}.Release|Any CPU.Build.0 = Release|Any CPU
	EndGlobalSection
	GlobalSection(SolutionProperties) = preSolution
		HideSolutionNode = FALSE
	EndGlobalSection
	GlobalSection(ExtensibilityGlobals) = postSolution
		SolutionGuid = {588856FE-BB21-4A66-8A97-63DBB8CBD314}
	EndGlobalSection
EndGlobal
